{
    "_readme": [
        "This file locks the dependencies of your project to a known state",
        "Read more about it at https://getcomposer.org/doc/01-basic-usage.md#installing-dependencies",
        "This file is @generated automatically"
    ],
    "content-hash": "0e56f21585b848c2532e114fc6409059",
    "packages": [
        {
            "name": "sabanovin/php",
            "version": "v1.0.3",
            "source": {
                "type": "git",
                "url": "https://github.com/sabanovin/php.git",
                "reference": "2795eb78542564f50cf9d35438eec57c87b32c3f"
            },
            "dist": {
                "type": "zip",
                "url": "https://api.github.com/repos/sabanovin/php/zipball/2795eb78542564f50cf9d35438eec57c87b32c3f",
                "reference": "2795eb78542564f50cf9d35438eec57c87b32c3f",
                "shasum": ""
            },
            "require": {
                "php": ">=5.4.0"
            },
            "type": "library",
            "autoload": {
                "psr-4": {
                    "SabaNovin\\": "src/"
                }
            },
            "notification-url": "https://packagist.org/downloads/",
            "license": [
                "MIT"
            ],
            "authors": [
                {
                    "name": "SabaNovin API Team",
                    "email": "support@sabanovin.com"
                }
            ],
            "description": "A PHP wrapper for SabaNovin's REST API",
            "homepage": "http://github.com/SabaNovin/sabanovin-php",
            "keywords": [
                "api",
                "sabanovin",
                "sms"
            ],
            "support": {
                "issues": "https://github.com/sabanovin/php/issues",
                "source": "https://github.com/sabanovin/php/tree/v1.0.3"
            },
            "time": "2020-11-20T08:52:06+00:00"
        }
    ],
    "packages-dev": [],
    "aliases": [],
    "minimum-stability": "stable",
    "stability-flags": {},
    "prefer-stable": false,
    "prefer-lowest": false,
    "platform": {},
    "platform-dev": {},
    "plugin-api-version": "2.6.0"
}
